
Microsoft Visual Studio Solution File, Format Version 12.00
# Visual Studio 15
VisualStudioVersion = 15.0.26430.16
MinimumVisualStudioVersion = 10.0.40219.1
Project("{FAE04EC0-301F-11D3-BF4B-00C04F79EFBC}") = "ShofloWebhooks.Middleware", "Mos.Webhooks.Middleware\ShofloWebhooks.Middleware.csproj", "{90FE6578-87AA-4A04-A0B7-63C5F4FB69B8}"
EndProject
Project("{FAE04EC0-301F-11D3-BF4B-00C04F79EFBC}") = "SimpleTCP", "SimpleTCP\SimpleTCP.csproj", "{C9C99F87-E188-49D2-A323-09FE79F39F8D}"
EndProject
Project("{FAE04EC0-301F-11D3-BF4B-00C04F79EFBC}") = "Mos.Entities", "Mos.Entities\Mos.Entities.csproj", "{F5F3787C-3B12-4822-98BB-D094C61A5F79}"
EndProject
Project("{FAE04EC0-301F-11D3-BF4B-00C04F79EFBC}") = "Mos.Middleware", "Mos.Middleware\Mos.Middleware.csproj", "{AAA0A8CA-0819-4587-BB87-86DB4D97C3D3}"
EndProject
Project("{2150E333-8FDC-42A3-9474-1A3956D46DE8}") = ".nuget", ".nuget", "{F4AEBB8B-A367-424E-8B14-F611C9667A85}"
EndProject
Project("{FAE04EC0-301F-11D3-BF4B-00C04F79EFBC}") = "Mos.App", "Mos.App\Mos.App.csproj", "{AFE255C3-674C-4492-AF4E-18F13D61A9AA}"
EndProject
Global
	GlobalSection(SolutionConfigurationPlatforms) = preSolution
		Debug|Any CPU = Debug|Any CPU
		Release|Any CPU = Release|Any CPU
	EndGlobalSection
	GlobalSection(ProjectConfigurationPlatforms) = postSolution
		{90FE6578-87AA-4A04-A0B7-63C5F4FB69B8}.Debug|Any CPU.ActiveCfg = Debug|Any CPU
		{90FE6578-87AA-4A04-A0B7-63C5F4FB69B8}.Debug|Any CPU.Build.0 = Debug|Any CPU
		{90FE6578-87AA-4A04-A0B7-63C5F4FB69B8}.Release|Any CPU.ActiveCfg = Release|Any CPU
		{90FE6578-87AA-4A04-A0B7-63C5F4FB69B8}.Release|Any CPU.Build.0 = Release|Any CPU
		{C9C99F87-E188-49D2-A323-09FE79F39F8D}.Debug|Any CPU.ActiveCfg = Debug|Any CPU
		{C9C99F87-E188-49D2-A323-09FE79F39F8D}.Debug|Any CPU.Build.0 = Debug|Any CPU
		{C9C99F87-E188-49D2-A323-09FE79F39F8D}.Release|Any CPU.ActiveCfg = Release|Any CPU
		{C9C99F87-E188-49D2-A323-09FE79F39F8D}.Release|Any CPU.Build.0 = Release|Any CPU
		{F5F3787C-3B12-4822-98BB-D094C61A5F79}.Debug|Any CPU.ActiveCfg = Debug|Any CPU
		{F5F3787C-3B12-4822-98BB-D094C61A5F79}.Debug|Any CPU.Build.0 = Debug|Any CPU
		{F5F3787C-3B12-4822-98BB-D094C61A5F79}.Release|Any CPU.ActiveCfg = Release|Any CPU
		{F5F3787C-3B12-4822-98BB-D094C61A5F79}.Release|Any CPU.Build.0 = Release|Any CPU
		{AAA0A8CA-0819-4587-BB87-86DB4D97C3D3}.Debug|Any CPU.ActiveCfg = Debug|Any CPU
		{AAA0A8CA-0819-4587-BB87-86DB4D97C3D3}.Debug|Any CPU.Build.0 = Debug|Any CPU
		{AAA0A8CA-0819-4587-BB87-86DB4D97C3D3}.Release|Any CPU.ActiveCfg = Release|Any CPU
		{AAA0A8CA-0819-4587-BB87-86DB4D97C3D3}.Release|Any CPU.Build.0 = Release|Any CPU
		{AFE255C3-674C-4492-AF4E-18F13D61A9AA}.Debug|Any CPU.ActiveCfg = Debug|Any CPU
		{AFE255C3-674C-4492-AF4E-18F13D61A9AA}.Debug|Any CPU.Build.0 = Debug|Any CPU
		{AFE255C3-674C-4492-AF4E-18F13D61A9AA}.Release|Any CPU.ActiveCfg = Release|Any CPU
		{AFE255C3-674C-4492-AF4E-18F13D61A9AA}.Release|Any CPU.Build.0 = Release|Any CPU
	EndGlobalSection
	GlobalSection(SolutionProperties) = preSolution
		HideSolutionNode = FALSE
	EndGlobalSection
EndGlobal
